
Microsoft Visual Studio Solution File, Format Version 12.00
Project("{FAE04EC0-301F-11D3-BF4B-00C04F79EFBC}") = "PackageLister", "PackageLister.csproj", "{134CCFF2-3ACC-4346-A28A-10F98648BEFB}"
EndProject
Global
	GlobalSection(SolutionConfigurationPlatforms) = preSolution
		Debug|Any CPU = Debug|Any CPU
		Release|Any CPU = Release|Any CPU
	EndGlobalSection
	GlobalSection(ProjectConfigurationPlatforms) = postSolution
		{134CCFF2-3ACC-4346-A28A-10F98648BEFB}.Debug|Any CPU.ActiveCfg = Debug|Any CPU
		{134CCFF2-3ACC-4346-A28A-10F98648BEFB}.Debug|Any CPU.Build.0 = Debug|Any CPU
		{134CCFF2-3ACC-4346-A28A-10F98648BEFB}.Release|Any CPU.ActiveCfg = Release|Any CPU
		{134CCFF2-3ACC-4346-A28A-10F98648BEFB}.Release|Any CPU.Build.0 = Release|Any CPU
	EndGlobalSection
EndGlobal
